// !$*UTF8*$!
{
	archiveVersion = 1;
	classes = {
	};
	objectVersion = 56;
	objects = {

/* Begin PBXBuildFile section */
		220D4E542932F78D0028D073 /* AppDelegate.swift in Sources */ = {isa = PBXBuildFile; fileRef = 220D4E532932F78D0028D073 /* AppDelegate.swift */; };
		220D4E562932F78D0028D073 /* SceneDelegate.swift in Sources */ = {isa = PBXBuildFile; fileRef = 220D4E552932F78D0028D073 /* SceneDelegate.swift */; };
		220D4E582932F78D0028D073 /* ViewController.swift in Sources */ = {isa = PBXBuildFile; fileRef = 220D4E572932F78D0028D073 /* ViewController.swift */; };
		220D4E5B2932F78D0028D073 /* Main.storyboard in Resources */ = {isa = PBXBuildFile; fileRef = 220D4E592932F78D0028D073 /* Main.storyboard */; };
		220D4E5D2932F78E0028D073 /* Assets.xcassets in Resources */ = {isa = PBXBuildFile; fileRef = 220D4E5C2932F78E0028D073 /* Assets.xcassets */; };
		220D4E602932F78E0028D073 /* LaunchScreen.storyboard in Resources */ = {isa = PBXBuildFile; fileRef = 220D4E5E2932F78E0028D073 /* LaunchScreen.storyboard */; };
		220D4E9E293301990028D073 /* AlertBridge.swift in Sources */ = {isa = PBXBuildFile; fileRef = 220D4E922932FD570028D073 /* AlertBridge.swift */; };
		220D4E9F2933026E0028D073 /* AppKitBridge.bundle in Embed PlugIns */ = {isa = PBXBuildFile; fileRef = 220D4E9A293301900028D073 /* AppKitBridge.bundle */; platformFilter = maccatalyst; settings = {ATTRIBUTES = (CodeSignOnCopy, RemoveHeadersOnCopy, ); }; };
		229DC7C0293421DF0096E6D4 /* NSObject+AlertBridgeSupport.swift in Sources */ = {isa = PBXBuildFile; fileRef = 229DC7BF293421DF0096E6D4 /* NSObject+AlertBridgeSupport.swift */; };
/* End PBXBuildFile section */

/* Begin PBXContainerItemProxy section */
		220D4EA02933026E0028D073 /* PBXContainerItemProxy */ = {
			isa = PBXContainerItemProxy;
			containerPortal = 220D4E482932F78D0028D073 /* Project object */;
			proxyType = 1;
			remoteGlobalIDString = 220D4E99293301900028D073;
			remoteInfo = AppKitBridge;
		};
/* End PBXContainerItemProxy section */

/* Begin PBXCopyFilesBuildPhase section */
		220D4EA22933026F0028D073 /* Embed PlugIns */ = {
			isa = PBXCopyFilesBuildPhase;
			buildActionMask = 2147483647;
			dstPath = "";
			dstSubfolderSpec = 13;
			files = (
				220D4E9F2933026E0028D073 /* AppKitBridge.bundle in Embed PlugIns */,
			);
			name = "Embed PlugIns";
			runOnlyForDeploymentPostprocessing = 0;
		};
/* End PBXCopyFilesBuildPhase section */

/* Begin PBXFileReference section */
		220D4E502932F78D0028D073 /* CatalystNSAlertTextField.app */ = {isa = PBXFileReference; explicitFileType = wrapper.application; includeInIndex = 0; path = CatalystNSAlertTextField.app; sourceTree = BUILT_PRODUCTS_DIR; };
		220D4E532932F78D0028D073 /* AppDelegate.swift */ = {isa = PBXFileReference; lastKnownFileType = sourcecode.swift; path = AppDelegate.swift; sourceTree = "<group>"; };
		220D4E552932F78D0028D073 /* SceneDelegate.swift */ = {isa = PBXFileReference; lastKnownFileType = sourcecode.swift; path = SceneDelegate.swift; sourceTree = "<group>"; };
		220D4E572932F78D0028D073 /* ViewController.swift */ = {isa = PBXFileReference; lastKnownFileType = sourcecode.swift; path = ViewController.swift; sourceTree = "<group>"; };
		220D4E5A2932F78D0028D073 /* Base */ = {isa = PBXFileReference; lastKnownFileType = file.storyboard; name = Base; path = Base.lproj/Main.storyboard; sourceTree = "<group>"; };
		220D4E5C2932F78E0028D073 /* Assets.xcassets */ = {isa = PBXFileReference; lastKnownFileType = folder.assetcatalog; path = Assets.xcassets; sourceTree = "<group>"; };
		220D4E5F2932F78E0028D073 /* Base */ = {isa = PBXFileReference; lastKnownFileType = file.storyboard; name = Base; path = Base.lproj/LaunchScreen.storyboard; sourceTree = "<group>"; };
		220D4E612932F78E0028D073 /* Info.plist */ = {isa = PBXFileReference; lastKnownFileType = text.plist.xml; path = Info.plist; sourceTree = "<group>"; };
		220D4E672932F82B0028D073 /* CatalystNSAlertTextField.entitlements */ = {isa = PBXFileReference; lastKnownFileType = text.plist.entitlements; path = CatalystNSAlertTextField.entitlements; sourceTree = "<group>"; };
		220D4E7F2932FBE60028D073 /* AppKitBridge.h */ = {isa = PBXFileReference; lastKnownFileType = sourcecode.c.h; path = AppKitBridge.h; sourceTree = "<group>"; };
		220D4E922932FD570028D073 /* AlertBridge.swift */ = {isa = PBXFileReference; lastKnownFileType = sourcecode.swift; path = AlertBridge.swift; sourceTree = "<group>"; };
		220D4E9A293301900028D073 /* AppKitBridge.bundle */ = {isa = PBXFileReference; explicitFileType = wrapper.cfbundle; includeInIndex = 0; path = AppKitBridge.bundle; sourceTree = BUILT_PRODUCTS_DIR; };
		229DC7BF293421DF0096E6D4 /* NSObject+AlertBridgeSupport.swift */ = {isa = PBXFileReference; lastKnownFileType = sourcecode.swift; path = "NSObject+AlertBridgeSupport.swift"; sourceTree = "<group>"; };
/* End PBXFileReference section */

/* Begin PBXFrameworksBuildPhase section */
		220D4E4D2932F78D0028D073 /* Frameworks */ = {
			isa = PBXFrameworksBuildPhase;
			buildActionMask = 2147483647;
			files = (
			);
			runOnlyForDeploymentPostprocessing = 0;
		};
		220D4E97293301900028D073 /* Frameworks */ = {
			isa = PBXFrameworksBuildPhase;
			buildActionMask = 2147483647;
			files = (
			);
			runOnlyForDeploymentPostprocessing = 0;
		};
/* End PBXFrameworksBuildPhase section */

/* Begin PBXGroup section */
		220D4E472932F78D0028D073 = {
			isa = PBXGroup;
			children = (
				220D4E522932F78D0028D073 /* CatalystNSAlertTextField */,
				220D4E7E2932FBE60028D073 /* AppKitBridge */,
				220D4E512932F78D0028D073 /* Products */,
				220D4E842932FBF80028D073 /* Frameworks */,
			);
			sourceTree = "<group>";
		};
		220D4E512932F78D0028D073 /* Products */ = {
			isa = PBXGroup;
			children = (
				220D4E502932F78D0028D073 /* CatalystNSAlertTextField.app */,
				220D4E9A293301900028D073 /* AppKitBridge.bundle */,
			);
			name = Products;
			sourceTree = "<group>";
		};
		220D4E522932F78D0028D073 /* CatalystNSAlertTextField */ = {
			isa = PBXGroup;
			children = (
				220D4E672932F82B0028D073 /* CatalystNSAlertTextField.entitlements */,
				220D4E532932F78D0028D073 /* AppDelegate.swift */,
				220D4E552932F78D0028D073 /* SceneDelegate.swift */,
				220D4E572932F78D0028D073 /* ViewController.swift */,
				220D4E592932F78D0028D073 /* Main.storyboard */,
				220D4E5C2932F78E0028D073 /* Assets.xcassets */,
				220D4E5E2932F78E0028D073 /* LaunchScreen.storyboard */,
				220D4E612932F78E0028D073 /* Info.plist */,
				229DC7BE293421C60096E6D4 /* AppKitBridgeUIKitSide */,
			);
			path = CatalystNSAlertTextField;
			sourceTree = "<group>";
		};
		220D4E7E2932FBE60028D073 /* AppKitBridge */ = {
			isa = PBXGroup;
			children = (
				220D4E922932FD570028D073 /* AlertBridge.swift */,
				220D4E7F2932FBE60028D073 /* AppKitBridge.h */,
			);
			path = AppKitBridge;
			sourceTree = "<group>";
		};
		220D4E842932FBF80028D073 /* Frameworks */ = {
			isa = PBXGroup;
			children = (
			);
			name = Frameworks;
			sourceTree = "<group>";
		};
		229DC7BE293421C60096E6D4 /* AppKitBridgeUIKitSide */ = {
			isa = PBXGroup;
			children = (
				229DC7BF293421DF0096E6D4 /* NSObject+AlertBridgeSupport.swift */,
			);
			path = AppKitBridgeUIKitSide;
			sourceTree = "<group>";
		};
/* End PBXGroup section */

/* Begin PBXNativeTarget section */
		220D4E4F2932F78D0028D073 /* CatalystNSAlertTextField */ = {
			isa = PBXNativeTarget;
			buildConfigurationList = 220D4E642932F78E0028D073 /* Build configuration list for PBXNativeTarget "CatalystNSAlertTextField" */;
			buildPhases = (
				220D4E4C2932F78D0028D073 /* Sources */,
				220D4E4D2932F78D0028D073 /* Frameworks */,
				220D4E4E2932F78D0028D073 /* Resources */,
				220D4EA22933026F0028D073 /* Embed PlugIns */,
			);
			buildRules = (
			);
			dependencies = (
				220D4EA12933026E0028D073 /* PBXTargetDependency */,
			);
			name = CatalystNSAlertTextField;
			productName = CatalystNSAlertTextField;
			productReference = 220D4E502932F78D0028D073 /* CatalystNSAlertTextField.app */;
			productType = "com.apple.product-type.application";
		};
		220D4E99293301900028D073 /* AppKitBridge */ = {
			isa = PBXNativeTarget;
			buildConfigurationList = 220D4E9B293301900028D073 /* Build configuration list for PBXNativeTarget "AppKitBridge" */;
			buildPhases = (
				220D4E96293301900028D073 /* Sources */,
				220D4E97293301900028D073 /* Frameworks */,
				220D4E98293301900028D073 /* Resources */,
			);
			buildRules = (
			);
			dependencies = (
			);
			name = AppKitBridge;
			productName = AppKitBridge;
			productReference = 220D4E9A293301900028D073 /* AppKitBridge.bundle */;
			productType = "com.apple.product-type.bundle";
		};
/* End PBXNativeTarget section */

/* Begin PBXProject section */
		220D4E482932F78D0028D073 /* Project object */ = {
			isa = PBXProject;
			attributes = {
				BuildIndependentTargetsInParallel = 1;
				LastSwiftUpdateCheck = 1410;
				LastUpgradeCheck = 1410;
				TargetAttributes = {
					220D4E4F2932F78D0028D073 = {
						CreatedOnToolsVersion = 14.1;
					};
					220D4E99293301900028D073 = {
						CreatedOnToolsVersion = 14.1;
					};
				};
			};
			buildConfigurationList = 220D4E4B2932F78D0028D073 /* Build configuration list for PBXProject "CatalystNSAlertTextField" */;
			compatibilityVersion = "Xcode 14.0";
			developmentRegion = en;
			hasScannedForEncodings = 0;
			knownRegions = (
				en,
				Base,
			);
			mainGroup = 220D4E472932F78D0028D073;
			productRefGroup = 220D4E512932F78D0028D073 /* Products */;
			projectDirPath = "";
			projectRoot = "";
			targets = (
				220D4E4F2932F78D0028D073 /* CatalystNSAlertTextField */,
				220D4E99293301900028D073 /* AppKitBridge */,
			);
		};
/* End PBXProject section */

/* Begin PBXResourcesBuildPhase section */
		220D4E4E2932F78D0028D073 /* Resources */ = {
			isa = PBXResourcesBuildPhase;
			buildActionMask = 2147483647;
			files = (
				220D4E602932F78E0028D073 /* LaunchScreen.storyboard in Resources */,
				220D4E5D2932F78E0028D073 /* Assets.xcassets in Resources */,
				220D4E5B2932F78D0028D073 /* Main.storyboard in Resources */,
			);
			runOnlyForDeploymentPostprocessing = 0;
		};
		220D4E98293301900028D073 /* Resources */ = {
			isa = PBXResourcesBuildPhase;
			buildActionMask = 2147483647;
			files = (
			);
			runOnlyForDeploymentPostprocessing = 0;
		};
/* End PBXResourcesBuildPhase section */

/* Begin PBXSourcesBuildPhase section */
		220D4E4C2932F78D0028D073 /* Sources */ = {
			isa = PBXSourcesBuildPhase;
			buildActionMask = 2147483647;
			files = (
				220D4E582932F78D0028D073 /* ViewController.swift in Sources */,
				229DC7C0293421DF0096E6D4 /* NSObject+AlertBridgeSupport.swift in Sources */,
				220D4E542932F78D0028D073 /* AppDelegate.swift in Sources */,
				220D4E562932F78D0028D073 /* SceneDelegate.swift in Sources */,
			);
			runOnlyForDeploymentPostprocessing = 0;
		};
		220D4E96293301900028D073 /* Sources */ = {
			isa = PBXSourcesBuildPhase;
			buildActionMask = 2147483647;
			files = (
				220D4E9E293301990028D073 /* AlertBridge.swift in Sources */,
			);
			runOnlyForDeploymentPostprocessing = 0;
		};
/* End PBXSourcesBuildPhase section */

/* Begin PBXTargetDependency section */
		220D4EA12933026E0028D073 /* PBXTargetDependency */ = {
			isa = PBXTargetDependency;
			platformFilter = maccatalyst;
			target = 220D4E99293301900028D073 /* AppKitBridge */;
			targetProxy = 220D4EA02933026E0028D073 /* PBXContainerItemProxy */;
		};
/* End PBXTargetDependency section */

/* Begin PBXVariantGroup section */
		220D4E592932F78D0028D073 /* Main.storyboard */ = {
			isa = PBXVariantGroup;
			children = (
				220D4E5A2932F78D0028D073 /* Base */,
			);
			name = Main.storyboard;
			sourceTree = "<group>";
		};
		220D4E5E2932F78E0028D073 /* LaunchScreen.storyboard */ = {
			isa = PBXVariantGroup;
			children = (
				220D4E5F2932F78E0028D073 /* Base */,
			);
			name = LaunchScreen.storyboard;
			sourceTree = "<group>";
		};
/* End PBXVariantGroup section */

/* Begin XCBuildConfiguration section */
		220D4E622932F78E0028D073 /* Debug */ = {
			isa = XCBuildConfiguration;
			buildSettings = {
				ALWAYS_SEARCH_USER_PATHS = NO;
				CLANG_ANALYZER_NONNULL = YES;
				CLANG_ANALYZER_NUMBER_OBJECT_CONVERSION = YES_AGGRESSIVE;
				CLANG_CXX_LANGUAGE_STANDARD = "gnu++20";
				CLANG_ENABLE_MODULES = YES;
				CLANG_ENABLE_OBJC_ARC = YES;
				CLANG_ENABLE_OBJC_WEAK = YES;
				CLANG_WARN_BLOCK_CAPTURE_AUTORELEASING = YES;
				CLANG_WARN_BOOL_CONVERSION = YES;
				CLANG_WARN_COMMA = YES;
				CLANG_WARN_CONSTANT_CONVERSION = YES;
				CLANG_WARN_DEPRECATED_OBJC_IMPLEMENTATIONS = YES;
				CLANG_WARN_DIRECT_OBJC_ISA_USAGE = YES_ERROR;
				CLANG_WARN_DOCUMENTATION_COMMENTS = YES;
				CLANG_WARN_EMPTY_BODY = YES;
				CLANG_WARN_ENUM_CONVERSION = YES;
				CLANG_WARN_INFINITE_RECURSION = YES;
				CLANG_WARN_INT_CONVERSION = YES;
				CLANG_WARN_NON_LITERAL_NULL_CONVERSION = YES;
				CLANG_WARN_OBJC_IMPLICIT_RETAIN_SELF = YES;
				CLANG_WARN_OBJC_LITERAL_CONVERSION = YES;
				CLANG_WARN_OBJC_ROOT_CLASS = YES_ERROR;
				CLANG_WARN_QUOTED_INCLUDE_IN_FRAMEWORK_HEADER = YES;
				CLANG_WARN_RANGE_LOOP_ANALYSIS = YES;
				CLANG_WARN_STRICT_PROTOTYPES = YES;
				CLANG_WARN_SUSPICIOUS_MOVE = YES;
				CLANG_WARN_UNGUARDED_AVAILABILITY = YES_AGGRESSIVE;
				CLANG_WARN_UNREACHABLE_CODE = YES;
				CLANG_WARN__DUPLICATE_METHOD_MATCH = YES;
				COPY_PHASE_STRIP = NO;
				DEBUG_INFORMATION_FORMAT = dwarf;
				ENABLE_STRICT_OBJC_MSGSEND = YES;
				ENABLE_TESTABILITY = YES;
				GCC_C_LANGUAGE_STANDARD = gnu11;
				GCC_DYNAMIC_NO_PIC = NO;
				GCC_NO_COMMON_BLOCKS = YES;
				GCC_OPTIMIZATION_LEVEL = 0;
				GCC_PREPROCESSOR_DEFINITIONS = (
					"DEBUG=1",
					"$(inherited)",
				);
				GCC_WARN_64_TO_32_BIT_CONVERSION = YES;
				GCC_WARN_ABOUT_RETURN_TYPE = YES_ERROR;
				GCC_WARN_UNDECLARED_SELECTOR = YES;
				GCC_WARN_UNINITIALIZED_AUTOS = YES_AGGRESSIVE;
				GCC_WARN_UNUSED_FUNCTION = YES;
				GCC_WARN_UNUSED_VARIABLE = YES;
				IPHONEOS_DEPLOYMENT_TARGET = 15.2;
				MACOSX_DEPLOYMENT_TARGET = 12.1;
				MTL_ENABLE_DEBUG_INFO = INCLUDE_SOURCE;
				MTL_FAST_MATH = YES;
				ONLY_ACTIVE_ARCH = YES;
				SDKROOT = iphoneos;
				SWIFT_ACTIVE_COMPILATION_CONDITIONS = DEBUG;
				SWIFT_OPTIMIZATION_LEVEL = "-Onone";
			};
			name = Debug;
		};
		220D4E632932F78E0028D073 /* Release */ = {
			isa = XCBuildConfiguration;
			buildSettings = {
				ALWAYS_SEARCH_USER_PATHS = NO;
				CLANG_ANALYZER_NONNULL = YES;
				CLANG_ANALYZER_NUMBER_OBJECT_CONVERSION = YES_AGGRESSIVE;
				CLANG_CXX_LANGUAGE_STANDARD = "gnu++20";
				CLANG_ENABLE_MODULES = YES;
				CLANG_ENABLE_OBJC_ARC = YES;
				CLANG_ENABLE_OBJC_WEAK = YES;
				CLANG_WARN_BLOCK_CAPTURE_AUTORELEASING = YES;
				CLANG_WARN_BOOL_CONVERSION = YES;
				CLANG_WARN_COMMA = YES;
				CLANG_WARN_CONSTANT_CONVERSION = YES;
				CLANG_WARN_DEPRECATED_OBJC_IMPLEMENTATIONS = YES;
				CLANG_WARN_DIRECT_OBJC_ISA_USAGE = YES_ERROR;
				CLANG_WARN_DOCUMENTATION_COMMENTS = YES;
				CLANG_WARN_EMPTY_BODY = YES;
				CLANG_WARN_ENUM_CONVERSION = YES;
				CLANG_WARN_INFINITE_RECURSION = YES;
				CLANG_WARN_INT_CONVERSION = YES;
				CLANG_WARN_NON_LITERAL_NULL_CONVERSION = YES;
				CLANG_WARN_OBJC_IMPLICIT_RETAIN_SELF = YES;
				CLANG_WARN_OBJC_LITERAL_CONVERSION = YES;
				CLANG_WARN_OBJC_ROOT_CLASS = YES_ERROR;
				CLANG_WARN_QUOTED_INCLUDE_IN_FRAMEWORK_HEADER = YES;
				CLANG_WARN_RANGE_LOOP_ANALYSIS = YES;
				CLANG_WARN_STRICT_PROTOTYPES = YES;
				CLANG_WARN_SUSPICIOUS_MOVE = YES;
				CLANG_WARN_UNGUARDED_AVAILABILITY = YES_AGGRESSIVE;
				CLANG_WARN_UNREACHABLE_CODE = YES;
				CLANG_WARN__DUPLICATE_METHOD_MATCH = YES;
				COPY_PHASE_STRIP = NO;
				DEBUG_INFORMATION_FORMAT = "dwarf-with-dsym";
				ENABLE_NS_ASSERTIONS = NO;
				ENABLE_STRICT_OBJC_MSGSEND = YES;
				GCC_C_LANGUAGE_STANDARD = gnu11;
				GCC_NO_COMMON_BLOCKS = YES;
				GCC_WARN_64_TO_32_BIT_CONVERSION = YES;
				GCC_WARN_ABOUT_RETURN_TYPE = YES_ERROR;
				GCC_WARN_UNDECLARED_SELECTOR = YES;
				GCC_WARN_UNINITIALIZED_AUTOS = YES_AGGRESSIVE;
				GCC_WARN_UNUSED_FUNCTION = YES;
				GCC_WARN_UNUSED_VARIABLE = YES;
				IPHONEOS_DEPLOYMENT_TARGET = 15.2;
				MACOSX_DEPLOYMENT_TARGET = 12.1;
				MTL_ENABLE_DEBUG_INFO = NO;
				MTL_FAST_MATH = YES;
				SDKROOT = iphoneos;
				SWIFT_COMPILATION_MODE = wholemodule;
				SWIFT_OPTIMIZATION_LEVEL = "-O";
				VALIDATE_PRODUCT = YES;
			};
			name = Release;
		};
		220D4E652932F78E0028D073 /* Debug */ = {
			isa = XCBuildConfiguration;
			buildSettings = {
				ASSETCATALOG_COMPILER_APPICON_NAME = AppIcon;
				ASSETCATALOG_COMPILER_GLOBAL_ACCENT_COLOR_NAME = AccentColor;
				CODE_SIGN_ENTITLEMENTS = CatalystNSAlertTextField/CatalystNSAlertTextField.entitlements;
				"CODE_SIGN_IDENTITY[sdk=macosx*]" = "-";
				CODE_SIGN_STYLE = Automatic;
				CURRENT_PROJECT_VERSION = 1;
				ENABLE_HARDENED_RUNTIME = NO;
				GENERATE_INFOPLIST_FILE = YES;
				INFOPLIST_FILE = CatalystNSAlertTextField/Info.plist;
				INFOPLIST_KEY_UIApplicationSupportsIndirectInputEvents = YES;
				INFOPLIST_KEY_UILaunchStoryboardName = LaunchScreen;
				INFOPLIST_KEY_UIMainStoryboardFile = Main;
				INFOPLIST_KEY_UISupportedInterfaceOrientations_iPad = "UIInterfaceOrientationPortrait UIInterfaceOrientationPortraitUpsideDown UIInterfaceOrientationLandscapeLeft UIInterfaceOrientationLandscapeRight";
				INFOPLIST_KEY_UISupportedInterfaceOrientations_iPhone = "UIInterfaceOrientationPortrait UIInterfaceOrientationLandscapeLeft UIInterfaceOrientationLandscapeRight";
				LD_RUNPATH_SEARCH_PATHS = (
					"$(inherited)",
					"@executable_path/Frameworks",
				);
				MARKETING_VERSION = 1.0;
				PRODUCT_BUNDLE_IDENTIFIER = com.nitinseshadri.CatalystNSAlertTextField;
				PRODUCT_NAME = "$(TARGET_NAME)";
				SUPPORTED_PLATFORMS = "iphoneos iphonesimulator";
				SUPPORTS_MACCATALYST = YES;
				SUPPORTS_MAC_DESIGNED_FOR_IPHONE_IPAD = YES;
				SWIFT_EMIT_LOC_STRINGS = YES;
				SWIFT_VERSION = 5.0;
				TARGETED_DEVICE_FAMILY = "1,2,6";
			};
			name = Debug;
		};
		220D4E662932F78E0028D073 /* Release */ = {
			isa = XCBuildConfiguration;
			buildSettings = {
				ASSETCATALOG_COMPILER_APPICON_NAME = AppIcon;
				ASSETCATALOG_COMPILER_GLOBAL_ACCENT_COLOR_NAME = AccentColor;
				CODE_SIGN_ENTITLEMENTS = CatalystNSAlertTextField/CatalystNSAlertTextField.entitlements;
				"CODE_SIGN_IDENTITY[sdk=macosx*]" = "-";
				CODE_SIGN_STYLE = Automatic;
				CURRENT_PROJECT_VERSION = 1;
				ENABLE_HARDENED_RUNTIME = NO;
				GENERATE_INFOPLIST_FILE = YES;
				INFOPLIST_FILE = CatalystNSAlertTextField/Info.plist;
				INFOPLIST_KEY_UIApplicationSupportsIndirectInputEvents = YES;
				INFOPLIST_KEY_UILaunchStoryboardName = LaunchScreen;
				INFOPLIST_KEY_UIMainStoryboardFile = Main;
				INFOPLIST_KEY_UISupportedInterfaceOrientations_iPad = "UIInterfaceOrientationPortrait UIInterfaceOrientationPortraitUpsideDown UIInterfaceOrientationLandscapeLeft UIInterfaceOrientationLandscapeRight";
				INFOPLIST_KEY_UISupportedInterfaceOrientations_iPhone = "UIInterfaceOrientationPortrait UIInterfaceOrientationLandscapeLeft UIInterfaceOrientationLandscapeRight";
				LD_RUNPATH_SEARCH_PATHS = (
					"$(inherited)",
					"@executable_path/Frameworks",
				);
				MARKETING_VERSION = 1.0;
				PRODUCT_BUNDLE_IDENTIFIER = com.nitinseshadri.CatalystNSAlertTextField;
				PRODUCT_NAME = "$(TARGET_NAME)";
				SUPPORTED_PLATFORMS = "iphoneos iphonesimulator";
				SUPPORTS_MACCATALYST = YES;
				SUPPORTS_MAC_DESIGNED_FOR_IPHONE_IPAD = YES;
				SWIFT_EMIT_LOC_STRINGS = YES;
				SWIFT_VERSION = 5.0;
				TARGETED_DEVICE_FAMILY = "1,2,6";
			};
			name = Release;
		};
		220D4E9C293301900028D073 /* Debug */ = {
			isa = XCBuildConfiguration;
			buildSettings = {
				CODE_SIGN_STYLE = Automatic;
				COMBINE_HIDPI_IMAGES = YES;
				CURRENT_PROJECT_VERSION = 1;
				GENERATE_INFOPLIST_FILE = YES;
				INFOPLIST_KEY_NSHumanReadableCopyright = "";
				INFOPLIST_KEY_NSPrincipalClass = "";
				INSTALL_PATH = "$(LOCAL_LIBRARY_DIR)/Bundles";
				MARKETING_VERSION = 1.0;
				PRODUCT_BUNDLE_IDENTIFIER = com.nitinseshadri.AppKitBridge;
				PRODUCT_NAME = "$(TARGET_NAME)";
				SDKROOT = macosx;
				SKIP_INSTALL = YES;
				SWIFT_EMIT_LOC_STRINGS = YES;
				SWIFT_VERSION = 5.0;
				WRAPPER_EXTENSION = bundle;
			};
			name = Debug;
		};
		220D4E9D293301900028D073 /* Release */ = {
			isa = XCBuildConfiguration;
			buildSettings = {
				CODE_SIGN_STYLE = Automatic;
				COMBINE_HIDPI_IMAGES = YES;
				CURRENT_PROJECT_VERSION = 1;
				GENERATE_INFOPLIST_FILE = YES;
				INFOPLIST_KEY_NSHumanReadableCopyright = "";
				INFOPLIST_KEY_NSPrincipalClass = "";
				INSTALL_PATH = "$(LOCAL_LIBRARY_DIR)/Bundles";
				MARKETING_VERSION = 1.0;
				PRODUCT_BUNDLE_IDENTIFIER = com.nitinseshadri.AppKitBridge;
				PRODUCT_NAME = "$(TARGET_NAME)";
				SDKROOT = macosx;
				SKIP_INSTALL = YES;
				SWIFT_EMIT_LOC_STRINGS = YES;
				SWIFT_VERSION = 5.0;
				WRAPPER_EXTENSION = bundle;
			};
			name = Release;
		};
/* End XCBuildConfiguration section */

/* Begin XCConfigurationList section */
		220D4E4B2932F78D0028D073 /* Build configuration list for PBXProject "CatalystNSAlertTextField" */ = {
			isa = XCConfigurationList;
			buildConfigurations = (
				220D4E622932F78E0028D073 /* Debug */,
				220D4E632932F78E0028D073 /* Release */,
			);
			defaultConfigurationIsVisible = 0;
			defaultConfigurationName = Release;
		};
		220D4E642932F78E0028D073 /* Build configuration list for PBXNativeTarget "CatalystNSAlertTextField" */ = {
			isa = XCConfigurationList;
			buildConfigurations = (
				220D4E652932F78E0028D073 /* Debug */,
				220D4E662932F78E0028D073 /* Release */,
			);
			defaultConfigurationIsVisible = 0;
			defaultConfigurationName = Release;
		};
		220D4E9B293301900028D073 /* Build configuration list for PBXNativeTarget "AppKitBridge" */ = {
			isa = XCConfigurationList;
			buildConfigurations = (
				220D4E9C293301900028D073 /* Debug */,
				220D4E9D293301900028D073 /* Release */,
			);
			defaultConfigurationIsVisible = 0;
			defaultConfigurationName = Release;
		};
/* End XCConfigurationList section */
	};
	rootObject = 220D4E482932F78D0028D073 /* Project object */;
}
